{
  "version": 4,
  "terraform_version": "1.1.5",
  "serial": 14,
  "lineage": "42058b9c-a303-2717-2bd5-c72656ce29ec",
  "outputs": {
    "all-availability-domains-in-your-tenancy": {
      "value": [
        {
          "compartment_id": "ocid1.tenancy.oc1..aaaaaaaaabeclzoshd6jv4duinduq666wyb2ajrsxjtinz6klf2nxxmfm53a",
          "id": "ocid1.availabilitydomain.oc1..aaaaaaaaw2i3i53quioaywmhx56ss5plwk7bmmeg2266lo7inilhbizeroua",
          "name": "SJSV:UK-LONDON-1-AD-1"
        },
        {
          "compartment_id": "ocid1.tenancy.oc1..aaaaaaaaabeclzoshd6jv4duinduq666wyb2ajrsxjtinz6klf2nxxmfm53a",
          "id": "ocid1.availabilitydomain.oc1..aaaaaaaac6kgqnl5eberztbdm2ufhpxohk7cuelajmafpqa3m6rpri4tc2yq",
          "name": "SJSV:UK-LONDON-1-AD-2"
        },
        {
          "compartment_id": "ocid1.tenancy.oc1..aaaaaaaaabeclzoshd6jv4duinduq666wyb2ajrsxjtinz6klf2nxxmfm53a",
          "id": "ocid1.availabilitydomain.oc1..aaaaaaaapjv4p3qtly2fesrig77q4tlmi3wvakeet6fskc7do2fmawz3xctq",
          "name": "SJSV:UK-LONDON-1-AD-3"
        }
      ],
      "type": [
        "list",
        [
          "object",
          {
            "compartment_id": "string",
            "id": "string",
            "name": "string"
          }
        ]
      ]
    },
    "compartment-OCID": {
      "value": "ocid1.compartment.oc1..aaaaaaaambjkafvuafbq32ayei4mthrg2g3ddwscpceks4sffa7i7jb2uceq",
      "type": "string"
    },
    "compartment-name": {
      "value": "tf_stack_test",
      "type": "string"
    },
    "id-for-for-route-table-that-includes-the-nat-gateway": {
      "value": "ocid1.routetable.oc1.uk-london-1.aaaaaaaaunydjudsu3sdojixoka7d3oznkl64tbcywticpocvhstf54fs2qa",
      "type": "string"
    },
    "id-for-route-table-that-includes-the-internet-gateway": {
      "value": "ocid1.routetable.oc1.uk-london-1.aaaaaaaaicwzagpsasjvjbmzofkvyhurczunezrmkgaocqs7v3ssyfu7yu5q",
      "type": "string"
    },
    "instance-OCID": {
      "value": "ocid1.instance.oc1.uk-london-1.anwgiljr6nwjhlictolv2jvn6wbwmdzz7dyebrb56eyleyyiq62dzbmdz2da",
      "type": "string"
    },
    "instance-OCPUs": {
      "value": 1,
      "type": "number"
    },
    "instance-memory-in-GBs": {
      "value": 15,
      "type": "number"
    },
    "instance-name": {
      "value": "tf-instance",
      "type": "string"
    },
    "instance-region": {
      "value": "uk-london-1",
      "type": "string"
    },
    "instance-shape": {
      "value": "VM.Standard2.1",
      "type": "string"
    },
    "instance-state": {
      "value": "RUNNING",
      "type": "string"
    },
    "nat-gateway-id": {
      "value": "ocid1.natgateway.oc1.uk-london-1.aaaaaaaawbxlvsyyuto35unxogq5eq74c44qld2jeorwyyfyuhs6ksil7scq",
      "type": "string"
    },
    "private-security-list-OCID": {
      "value": "ocid1.securitylist.oc1.uk-london-1.aaaaaaaaljzkdntisbtumuofmswwhfrympdzq4t4it3ugowrdv3bjrqjgq3a",
      "type": "string"
    },
    "private-security-list-name": {
      "value": "security-list-for-private-subnet",
      "type": "string"
    },
    "private-subnet-OCID": {
      "value": "ocid1.subnet.oc1.uk-london-1.aaaaaaaav7gyewixmp5iy2e42eyscsrwumol6q5linjzkdkb4gydvxarfn7q",
      "type": "string"
    },
    "private-subnet-name": {
      "value": "private-subnet",
      "type": "string"
    },
    "public-ip-for-compute-instance": {
      "value": "132.145.26.66",
      "type": "string"
    },
    "public-security-list-OCID": {
      "value": "ocid1.securitylist.oc1.uk-london-1.aaaaaaaa2ajm2wp3oxyf3wgjkoeftfqod4cenoqts7dqb65ogaxyltr7yk2q",
      "type": "string"
    },
    "public-security-list-name": {
      "value": "security-list-for-public-subnet",
      "type": "string"
    },
    "public-subnet-OCID": {
      "value": "ocid1.subnet.oc1.uk-london-1.aaaaaaaa22zyvqz7x5hjzrkq65aafrmwcpcm5u2v5bctqi6zcwcdworydgcq",
      "type": "string"
    },
    "public-subnet-name": {
      "value": "public-subnet",
      "type": "string"
    },
    "time-created": {
      "value": "2022-02-11 17:50:38.866 +0000 UTC",
      "type": "string"
    },
    "vcn_id": {
      "value": "ocid1.vcn.oc1.uk-london-1.amaaaaaa6nwjhliawth7iuf5t4upcjq3iufe26googxjpzaig3xzpifmg2wq",
      "type": "string"
    }
  },
  "resources": [
    {
      "mode": "data",
      "type": "oci_identity_availability_domains",
      "name": "ads",
      "provider": "provider[\"registry.terraform.io/hashicorp/oci\"]",
      "instances": [
        {
          "schema_version": 0,
          "attributes": {
            "availability_domains": [
              {
                "compartment_id": "ocid1.tenancy.oc1..aaaaaaaaabeclzoshd6jv4duinduq666wyb2ajrsxjtinz6klf2nxxmfm53a",
                "id": "ocid1.availabilitydomain.oc1..aaaaaaaaw2i3i53quioaywmhx56ss5plwk7bmmeg2266lo7inilhbizeroua",
                "name": "SJSV:UK-LONDON-1-AD-1"
              },
              {
                "compartment_id": "ocid1.tenancy.oc1..aaaaaaaaabeclzoshd6jv4duinduq666wyb2ajrsxjtinz6klf2nxxmfm53a",
                "id": "ocid1.availabilitydomain.oc1..aaaaaaaac6kgqnl5eberztbdm2ufhpxohk7cuelajmafpqa3m6rpri4tc2yq",
                "name": "SJSV:UK-LONDON-1-AD-2"
              },
              {
                "compartment_id": "ocid1.tenancy.oc1..aaaaaaaaabeclzoshd6jv4duinduq666wyb2ajrsxjtinz6klf2nxxmfm53a",
                "id": "ocid1.availabilitydomain.oc1..aaaaaaaapjv4p3qtly2fesrig77q4tlmi3wvakeet6fskc7do2fmawz3xctq",
                "name": "SJSV:UK-LONDON-1-AD-3"
              }
            ],
            "compartment_id": "ocid1.tenancy.oc1..aaaaaaaaabeclzoshd6jv4duinduq666wyb2ajrsxjtinz6klf2nxxmfm53a",
            "filter": null,
            "id": "IdentityAvailabilityDomainsDataSource-55404365"
          },
          "sensitive_attributes": []
        }
      ]
    },
    {
      "mode": "managed",
      "type": "oci_core_instance",
      "name": "ubuntu_instance",
      "provider": "provider[\"registry.terraform.io/hashicorp/oci\"]",
      "instances": [
        {
          "schema_version": 0,
          "attributes": {
            "agent_config": [
              {
                "are_all_plugins_disabled": false,
                "is_management_disabled": false,
                "is_monitoring_disabled": false,
                "plugins_config": []
              }
            ],
            "async": null,
            "availability_config": [
              {
                "is_live_migration_preferred": false,
                "recovery_action": "RESTORE_INSTANCE"
              }
            ],
            "availability_domain": "SJSV:UK-LONDON-1-AD-1",
            "boot_volume_id": "ocid1.bootvolume.oc1.uk-london-1.abwgiljr6t7kcq352hqug2ysg4r5nqq75ybkvq2m5jjb4my3zdw63ybq3rva",
            "capacity_reservation_id": null,
            "compartment_id": "ocid1.compartment.oc1..aaaaaaaambjkafvuafbq32ayei4mthrg2g3ddwscpceks4sffa7i7jb2uceq",
            "create_vnic_details": [
              {
                "assign_private_dns_record": false,
                "assign_public_ip": "true",
                "defined_tags": {
                  "Oracle-Tags.CreatedBy": "oracleidentitycloudservice/jeremy.brex@aexp.com",
                  "Oracle-Tags.CreatedOn": "2022-02-11T17:50:38.469Z"
                },
                "display_name": "tf-instance",
                "freeform_tags": {},
                "hostname_label": "",
                "nsg_ids": null,
                "private_ip": "10.0.0.150",
                "skip_source_dest_check": false,
                "subnet_id": "ocid1.subnet.oc1.uk-london-1.aaaaaaaa22zyvqz7x5hjzrkq65aafrmwcpcm5u2v5bctqi6zcwcdworydgcq",
                "vlan_id": ""
              }
            ],
            "dedicated_vm_host_id": null,
            "defined_tags": {
              "Oracle-Tags.CreatedBy": "oracleidentitycloudservice/jeremy.brex@aexp.com",
              "Oracle-Tags.CreatedOn": "2022-02-11T17:50:38.335Z"
            },
            "display_name": "tf-instance",
            "extended_metadata": null,
            "fault_domain": "FAULT-DOMAIN-2",
            "freeform_tags": {},
            "hostname_label": "",
            "id": "ocid1.instance.oc1.uk-london-1.anwgiljr6nwjhlictolv2jvn6wbwmdzz7dyebrb56eyleyyiq62dzbmdz2da",
            "image": "ocid1.image.oc1.uk-london-1.aaaaaaaalu2sd65shsmeewhijd5bo4ut64sc5l3436lgoizanotrqbzawlwq",
            "instance_options": [
              {
                "are_legacy_imds_endpoints_disabled": false
              }
            ],
            "ipxe_script": null,
            "is_pv_encryption_in_transit_enabled": null,
            "launch_mode": "PARAVIRTUALIZED",
            "launch_options": [
              {
                "boot_volume_type": "PARAVIRTUALIZED",
                "firmware": "UEFI_64",
                "is_consistent_volume_naming_enabled": true,
                "is_pv_encryption_in_transit_enabled": false,
                "network_type": "PARAVIRTUALIZED",
                "remote_data_volume_type": "PARAVIRTUALIZED"
              }
            ],
            "metadata": {
              "ssh_authorized_keys": "ssh-rsa AAAAB3NzaC1yc2EAAAADAQABAAABAQDn0e1tk+UIVX/eKJuZo+B8TY99ROqNJue4d882d38dqrUQVHXxY8CN5ViF25jco9Oajp+fH4hxnYx15R+B1YBGNljhPte7XKneAe94malES7keGm2Y1oEA49znQYgz9Z/WAeJrNsYknRKHuRuLhlB7DC64fXYmV9A30hutuYDh4TRJWJftm+/PZ9OwSD8BGihobGtUfgtsiK8Y7x9oqSf3AvVqPhejdRQo89pt+eOwrfhX+hhZNS3StJbcs+1iuwJnRgP52JQqeyOLBK7qo6vyu73AwWwsHnBbZg5B2o4oT/H1AJPavljxNf6/QXZvblDKtXZ18fhbmonQCS3bOWtf id_rsa\n"
            },
            "platform_config": [],
            "preemptible_instance_config": [],
            "preserve_boot_volume": false,
            "private_ip": "10.0.0.150",
            "public_ip": "132.145.26.66",
            "region": "uk-london-1",
            "shape": "VM.Standard2.1",
            "shape_config": [
              {
                "baseline_ocpu_utilization": "",
                "gpu_description": "",
                "gpus": 0,
                "local_disk_description": "",
                "local_disks": 0,
                "local_disks_total_size_in_gbs": 0,
                "max_vnic_attachments": 2,
                "memory_in_gbs": 15,
                "networking_bandwidth_in_gbps": 1,
                "ocpus": 1,
                "processor_description": "2.0 GHz Intel® Xeon® Platinum 8167M (Skylake)"
              }
            ],
            "source_details": [
              {
                "boot_volume_size_in_gbs": "47",
                "kms_key_id": "",
                "source_id": "ocid1.image.oc1.uk-london-1.aaaaaaaalu2sd65shsmeewhijd5bo4ut64sc5l3436lgoizanotrqbzawlwq",
                "source_type": "image"
              }
            ],
            "state": "RUNNING",
            "subnet_id": "ocid1.subnet.oc1.uk-london-1.aaaaaaaa22zyvqz7x5hjzrkq65aafrmwcpcm5u2v5bctqi6zcwcdworydgcq",
            "system_tags": {},
            "time_created": "2022-02-11 17:50:38.866 +0000 UTC",
            "time_maintenance_reboot_due": "",
            "timeouts": null
          },
          "sensitive_attributes": [],
          "private": "eyJlMmJmYjczMC1lY2FhLTExZTYtOGY4OC0zNDM2M2JjN2M0YzAiOnsiY3JlYXRlIjoyNzAwMDAwMDAwMDAwLCJkZWxldGUiOjQ1MDAwMDAwMDAwMDAsInVwZGF0ZSI6MjcwMDAwMDAwMDAwMH19",
          "dependencies": [
            "data.oci_identity_availability_domains.ads",
            "module.vcn.module.drg_from_vcn_module.oci_core_drg.drg",
            "module.vcn.oci_core_internet_gateway.ig",
            "module.vcn.oci_core_route_table.ig",
            "module.vcn.oci_core_vcn.vcn",
            "oci_core_security_list.public-security-list",
            "oci_core_subnet.vcn-public-subnet",
            "oci_identity_compartment.tf-compartment"
          ]
        }
      ]
    },
    {
      "mode": "managed",
      "type": "oci_core_security_list",
      "name": "private-security-list",
      "provider": "provider[\"registry.terraform.io/hashicorp/oci\"]",
      "instances": [
        {
          "schema_version": 0,
          "attributes": {
            "compartment_id": "ocid1.compartment.oc1..aaaaaaaambjkafvuafbq32ayei4mthrg2g3ddwscpceks4sffa7i7jb2uceq",
            "defined_tags": {
              "Oracle-Tags.CreatedBy": "oracleidentitycloudservice/jeremy.brex@aexp.com",
              "Oracle-Tags.CreatedOn": "2022-02-11T17:50:34.641Z"
            },
            "display_name": "security-list-for-private-subnet",
            "egress_security_rules": [
              {
                "description": "",
                "destination": "0.0.0.0/0",
                "destination_type": "CIDR_BLOCK",
                "icmp_options": [],
                "protocol": "all",
                "stateless": false,
                "tcp_options": [],
                "udp_options": []
              }
            ],
            "freeform_tags": {},
            "id": "ocid1.securitylist.oc1.uk-london-1.aaaaaaaaljzkdntisbtumuofmswwhfrympdzq4t4it3ugowrdv3bjrqjgq3a",
            "ingress_security_rules": [
              {
                "description": "",
                "icmp_options": [
                  {
                    "code": -1,
                    "type": 3
                  }
                ],
                "protocol": "1",
                "source": "10.0.0.0/16",
                "source_type": "CIDR_BLOCK",
                "stateless": false,
                "tcp_options": [],
                "udp_options": []
              },
              {
                "description": "",
                "icmp_options": [
                  {
                    "code": 4,
                    "type": 3
                  }
                ],
                "protocol": "1",
                "source": "0.0.0.0/0",
                "source_type": "CIDR_BLOCK",
                "stateless": false,
                "tcp_options": [],
                "udp_options": []
              },
              {
                "description": "",
                "icmp_options": [],
                "protocol": "6",
                "source": "10.0.0.0/16",
                "source_type": "CIDR_BLOCK",
                "stateless": false,
                "tcp_options": [
                  {
                    "max": 22,
                    "min": 22,
                    "source_port_range": []
                  }
                ],
                "udp_options": []
              }
            ],
            "state": "AVAILABLE",
            "time_created": "2022-02-11 17:50:34.704 +0000 UTC",
            "timeouts": null,
            "vcn_id": "ocid1.vcn.oc1.uk-london-1.amaaaaaa6nwjhliawth7iuf5t4upcjq3iufe26googxjpzaig3xzpifmg2wq"
          },
          "sensitive_attributes": [],
          "private": "eyJlMmJmYjczMC1lY2FhLTExZTYtOGY4OC0zNDM2M2JjN2M0YzAiOnsiY3JlYXRlIjoxMjAwMDAwMDAwMDAwLCJkZWxldGUiOjEyMDAwMDAwMDAwMDAsInVwZGF0ZSI6MTIwMDAwMDAwMDAwMH19",
          "dependencies": [
            "module.vcn.oci_core_vcn.vcn",
            "oci_identity_compartment.tf-compartment"
          ]
        }
      ]
    },
    {
      "mode": "managed",
      "type": "oci_core_security_list",
      "name": "public-security-list",
      "provider": "provider[\"registry.terraform.io/hashicorp/oci\"]",
      "instances": [
        {
          "schema_version": 0,
          "attributes": {
            "compartment_id": "ocid1.compartment.oc1..aaaaaaaambjkafvuafbq32ayei4mthrg2g3ddwscpceks4sffa7i7jb2uceq",
            "defined_tags": {
              "Oracle-Tags.CreatedBy": "oracleidentitycloudservice/jeremy.brex@aexp.com",
              "Oracle-Tags.CreatedOn": "2022-02-11T17:50:34.623Z"
            },
            "display_name": "security-list-for-public-subnet",
            "egress_security_rules": [
              {
                "description": "",
                "destination": "0.0.0.0/0",
                "destination_type": "CIDR_BLOCK",
                "icmp_options": [],
                "protocol": "all",
                "stateless": false,
                "tcp_options": [],
                "udp_options": []
              }
            ],
            "freeform_tags": {},
            "id": "ocid1.securitylist.oc1.uk-london-1.aaaaaaaa2ajm2wp3oxyf3wgjkoeftfqod4cenoqts7dqb65ogaxyltr7yk2q",
            "ingress_security_rules": [
              {
                "description": "",
                "icmp_options": [
                  {
                    "code": -1,
                    "type": 3
                  }
                ],
                "protocol": "1",
                "source": "10.0.0.0/16",
                "source_type": "CIDR_BLOCK",
                "stateless": false,
                "tcp_options": [],
                "udp_options": []
              },
              {
                "description": "",
                "icmp_options": [
                  {
                    "code": 4,
                    "type": 3
                  }
                ],
                "protocol": "1",
                "source": "0.0.0.0/0",
                "source_type": "CIDR_BLOCK",
                "stateless": false,
                "tcp_options": [],
                "udp_options": []
              },
              {
                "description": "",
                "icmp_options": [],
                "protocol": "6",
                "source": "0.0.0.0/0",
                "source_type": "CIDR_BLOCK",
                "stateless": false,
                "tcp_options": [
                  {
                    "max": 22,
                    "min": 22,
                    "source_port_range": []
                  }
                ],
                "udp_options": []
              }
            ],
            "state": "AVAILABLE",
            "time_created": "2022-02-11 17:50:34.66 +0000 UTC",
            "timeouts": null,
            "vcn_id": "ocid1.vcn.oc1.uk-london-1.amaaaaaa6nwjhliawth7iuf5t4upcjq3iufe26googxjpzaig3xzpifmg2wq"
          },
          "sensitive_attributes": [],
          "private": "eyJlMmJmYjczMC1lY2FhLTExZTYtOGY4OC0zNDM2M2JjN2M0YzAiOnsiY3JlYXRlIjoxMjAwMDAwMDAwMDAwLCJkZWxldGUiOjEyMDAwMDAwMDAwMDAsInVwZGF0ZSI6MTIwMDAwMDAwMDAwMH19",
          "dependencies": [
            "module.vcn.oci_core_vcn.vcn",
            "oci_identity_compartment.tf-compartment"
          ]
        }
      ]
    },
    {
      "mode": "managed",
      "type": "oci_core_subnet",
      "name": "vcn-private-subnet",
      "provider": "provider[\"registry.terraform.io/hashicorp/oci\"]",
      "instances": [
        {
          "schema_version": 0,
          "attributes": {
            "availability_domain": null,
            "cidr_block": "10.0.1.0/24",
            "compartment_id": "ocid1.compartment.oc1..aaaaaaaambjkafvuafbq32ayei4mthrg2g3ddwscpceks4sffa7i7jb2uceq",
            "defined_tags": {
              "Oracle-Tags.CreatedBy": "oracleidentitycloudservice/jeremy.brex@aexp.com",
              "Oracle-Tags.CreatedOn": "2022-02-11T17:50:35.668Z"
            },
            "dhcp_options_id": "ocid1.dhcpoptions.oc1.uk-london-1.aaaaaaaa6jxq3dkf3tzrsvn5eamidv6vlqab65obteipebqjdyyjt7v2aq5a",
            "display_name": "private-subnet",
            "dns_label": null,
            "freeform_tags": {},
            "id": "ocid1.subnet.oc1.uk-london-1.aaaaaaaav7gyewixmp5iy2e42eyscsrwumol6q5linjzkdkb4gydvxarfn7q",
            "ipv6cidr_block": null,
            "ipv6virtual_router_ip": null,
            "prohibit_internet_ingress": false,
            "prohibit_public_ip_on_vnic": false,
            "route_table_id": "ocid1.routetable.oc1.uk-london-1.aaaaaaaaunydjudsu3sdojixoka7d3oznkl64tbcywticpocvhstf54fs2qa",
            "security_list_ids": [
              "ocid1.securitylist.oc1.uk-london-1.aaaaaaaaljzkdntisbtumuofmswwhfrympdzq4t4it3ugowrdv3bjrqjgq3a"
            ],
            "state": "AVAILABLE",
            "subnet_domain_name": null,
            "time_created": "2022-02-11 17:50:37.016 +0000 UTC",
            "timeouts": null,
            "vcn_id": "ocid1.vcn.oc1.uk-london-1.amaaaaaa6nwjhliawth7iuf5t4upcjq3iufe26googxjpzaig3xzpifmg2wq",
            "virtual_router_ip": "10.0.1.1",
            "virtual_router_mac": "00:00:17:86:3A:F6"
          },
          "sensitive_attributes": [],
          "private": "eyJlMmJmYjczMC1lY2FhLTExZTYtOGY4OC0zNDM2M2JjN2M0YzAiOnsiY3JlYXRlIjoxMjAwMDAwMDAwMDAwLCJkZWxldGUiOjEyMDAwMDAwMDAwMDAsInVwZGF0ZSI6MTIwMDAwMDAwMDAwMH19",
          "dependencies": [
            "module.vcn.data.oci_core_services.all_oci_services",
            "module.vcn.module.drg_from_vcn_module.oci_core_drg.drg",
            "module.vcn.oci_core_nat_gateway.nat_gateway",
            "module.vcn.oci_core_route_table.nat",
            "module.vcn.oci_core_service_gateway.service_gateway",
            "module.vcn.oci_core_vcn.vcn",
            "oci_core_security_list.private-security-list",
            "oci_identity_compartment.tf-compartment"
          ]
        }
      ]
    },
    {
      "mode": "managed",
      "type": "oci_core_subnet",
      "name": "vcn-public-subnet",
      "provider": "provider[\"registry.terraform.io/hashicorp/oci\"]",
      "instances": [
        {
          "schema_version": 0,
          "attributes": {
            "availability_domain": null,
            "cidr_block": "10.0.0.0/24",
            "compartment_id": "ocid1.compartment.oc1..aaaaaaaambjkafvuafbq32ayei4mthrg2g3ddwscpceks4sffa7i7jb2uceq",
            "defined_tags": {
              "Oracle-Tags.CreatedBy": "oracleidentitycloudservice/jeremy.brex@aexp.com",
              "Oracle-Tags.CreatedOn": "2022-02-11T17:50:35.668Z"
            },
            "dhcp_options_id": "ocid1.dhcpoptions.oc1.uk-london-1.aaaaaaaa6jxq3dkf3tzrsvn5eamidv6vlqab65obteipebqjdyyjt7v2aq5a",
            "display_name": "public-subnet",
            "dns_label": null,
            "freeform_tags": {},
            "id": "ocid1.subnet.oc1.uk-london-1.aaaaaaaa22zyvqz7x5hjzrkq65aafrmwcpcm5u2v5bctqi6zcwcdworydgcq",
            "ipv6cidr_block": null,
            "ipv6virtual_router_ip": null,
            "prohibit_internet_ingress": false,
            "prohibit_public_ip_on_vnic": false,
            "route_table_id": "ocid1.routetable.oc1.uk-london-1.aaaaaaaaicwzagpsasjvjbmzofkvyhurczunezrmkgaocqs7v3ssyfu7yu5q",
            "security_list_ids": [
              "ocid1.securitylist.oc1.uk-london-1.aaaaaaaa2ajm2wp3oxyf3wgjkoeftfqod4cenoqts7dqb65ogaxyltr7yk2q"
            ],
            "state": "AVAILABLE",
            "subnet_domain_name": null,
            "time_created": "2022-02-11 17:50:35.729 +0000 UTC",
            "timeouts": null,
            "vcn_id": "ocid1.vcn.oc1.uk-london-1.amaaaaaa6nwjhliawth7iuf5t4upcjq3iufe26googxjpzaig3xzpifmg2wq",
            "virtual_router_ip": "10.0.0.1",
            "virtual_router_mac": "00:00:17:86:3A:F6"
          },
          "sensitive_attributes": [],
          "private": "eyJlMmJmYjczMC1lY2FhLTExZTYtOGY4OC0zNDM2M2JjN2M0YzAiOnsiY3JlYXRlIjoxMjAwMDAwMDAwMDAwLCJkZWxldGUiOjEyMDAwMDAwMDAwMDAsInVwZGF0ZSI6MTIwMDAwMDAwMDAwMH19",
          "dependencies": [
            "module.vcn.module.drg_from_vcn_module.oci_core_drg.drg",
            "module.vcn.oci_core_internet_gateway.ig",
            "module.vcn.oci_core_route_table.ig",
            "module.vcn.oci_core_vcn.vcn",
            "oci_core_security_list.public-security-list",
            "oci_identity_compartment.tf-compartment"
          ]
        }
      ]
    },
    {
      "mode": "managed",
      "type": "oci_identity_compartment",
      "name": "tf-compartment",
      "provider": "provider[\"registry.terraform.io/hashicorp/oci\"]",
      "instances": [
        {
          "schema_version": 0,
          "attributes": {
            "compartment_id": "ocid1.tenancy.oc1..aaaaaaaaabeclzoshd6jv4duinduq666wyb2ajrsxjtinz6klf2nxxmfm53a",
            "defined_tags": {
              "Oracle-Tags.CreatedBy": "oracleidentitycloudservice/jeremy.brex@aexp.com",
              "Oracle-Tags.CreatedOn": "2022-02-11T17:49:47.797Z"
            },
            "description": "Compartment for Terraform resources.",
            "enable_delete": null,
            "freeform_tags": {},
            "id": "ocid1.compartment.oc1..aaaaaaaambjkafvuafbq32ayei4mthrg2g3ddwscpceks4sffa7i7jb2uceq",
            "inactive_state": null,
            "is_accessible": true,
            "name": "tf_stack_test",
            "state": "ACTIVE",
            "time_created": "2022-02-11 17:49:47.903 +0000 UTC",
            "timeouts": null
          },
          "sensitive_attributes": [],
          "private": "eyJlMmJmYjczMC1lY2FhLTExZTYtOGY4OC0zNDM2M2JjN2M0YzAiOnsiZGVsZXRlIjo1NDAwMDAwMDAwMDAwfX0="
        }
      ]
    },
    {
      "module": "module.vcn",
      "mode": "data",
      "type": "oci_core_services",
      "name": "all_oci_services",
      "provider": "provider[\"registry.terraform.io/hashicorp/oci\"]",
      "instances": [
        {
          "index_key": 0,
          "schema_version": 0,
          "attributes": {
            "filter": [
              {
                "name": "name",
                "regex": true,
                "values": [
                  "All .* Services In Oracle Services Network"
                ]
              }
            ],
            "id": "CoreServicesDataSource-0",
            "services": [
              {
                "cidr_block": "all-lhr-services-in-oracle-services-network",
                "description": "All LHR Services In Oracle Services Network",
                "id": "ocid1.service.oc1.uk-london-1.aaaaaaaatwg7f5mnzoapfunl66n2qkp4ormiykqk3hiwksum63gcyjk7ysla",
                "name": "All LHR Services In Oracle Services Network"
              }
            ]
          },
          "sensitive_attributes": []
        }
      ]
    },
    {
      "module": "module.vcn",
      "mode": "managed",
      "type": "oci_core_default_security_list",
      "name": "lockdown",
      "provider": "provider[\"registry.terraform.io/hashicorp/oci\"]",
      "instances": [
        {
          "index_key": 0,
          "schema_version": 0,
          "attributes": {
            "compartment_id": "ocid1.compartment.oc1..aaaaaaaambjkafvuafbq32ayei4mthrg2g3ddwscpceks4sffa7i7jb2uceq",
            "defined_tags": {
              "Oracle-Tags.CreatedBy": "oracleidentitycloudservice/jeremy.brex@aexp.com",
              "Oracle-Tags.CreatedOn": "2022-02-11T17:50:33.746Z"
            },
            "display_name": "Default Security List for vcn-epa",
            "egress_security_rules": [],
            "freeform_tags": {
              "module": "oracle-terraform-modules/vcn/oci",
              "terraformed": "Please do not edit manually"
            },
            "id": "ocid1.securitylist.oc1.uk-london-1.aaaaaaaawdeq6rpki2q7wosvefqgmlscjeyx3ylclzj66id747vvhm7yyetq",
            "ingress_security_rules": [],
            "manage_default_resource_id": "ocid1.securitylist.oc1.uk-london-1.aaaaaaaawdeq6rpki2q7wosvefqgmlscjeyx3ylclzj66id747vvhm7yyetq",
            "state": "AVAILABLE",
            "time_created": "2022-02-11 17:50:33.858 +0000 UTC",
            "timeouts": null
          },
          "sensitive_attributes": [],
          "private": "eyJlMmJmYjczMC1lY2FhLTExZTYtOGY4OC0zNDM2M2JjN2M0YzAiOnsiY3JlYXRlIjoxMjAwMDAwMDAwMDAwLCJkZWxldGUiOjEyMDAwMDAwMDAwMDAsInVwZGF0ZSI6MTIwMDAwMDAwMDAwMH19",
          "dependencies": [
            "module.vcn.oci_core_vcn.vcn",
            "oci_identity_compartment.tf-compartment"
          ]
        }
      ]
    },
    {
      "module": "module.vcn",
      "mode": "managed",
      "type": "oci_core_internet_gateway",
      "name": "ig",
      "provider": "provider[\"registry.terraform.io/hashicorp/oci\"]",
      "instances": [
        {
          "index_key": 0,
          "schema_version": 0,
          "attributes": {
            "compartment_id": "ocid1.compartment.oc1..aaaaaaaambjkafvuafbq32ayei4mthrg2g3ddwscpceks4sffa7i7jb2uceq",
            "defined_tags": {
              "Oracle-Tags.CreatedBy": "oracleidentitycloudservice/jeremy.brex@aexp.com",
              "Oracle-Tags.CreatedOn": "2022-02-11T17:50:34.631Z"
            },
            "display_name": "internet-gateway",
            "enabled": true,
            "freeform_tags": {
              "module": "oracle-terraform-modules/vcn/oci",
              "terraformed": "Please do not edit manually"
            },
            "id": "ocid1.internetgateway.oc1.uk-london-1.aaaaaaaadfm4jwsot6hrdyv4hxsowpa5onh3qt5d2ujsnavb7qczkoaxxymq",
            "state": "AVAILABLE",
            "time_created": "2022-02-11 17:50:34.671 +0000 UTC",
            "timeouts": null,
            "vcn_id": "ocid1.vcn.oc1.uk-london-1.amaaaaaa6nwjhliawth7iuf5t4upcjq3iufe26googxjpzaig3xzpifmg2wq"
          },
          "sensitive_attributes": [],
          "private": "eyJlMmJmYjczMC1lY2FhLTExZTYtOGY4OC0zNDM2M2JjN2M0YzAiOnsiY3JlYXRlIjoxMjAwMDAwMDAwMDAwLCJkZWxldGUiOjEyMDAwMDAwMDAwMDAsInVwZGF0ZSI6MTIwMDAwMDAwMDAwMH19",
          "dependencies": [
            "module.vcn.oci_core_vcn.vcn",
            "oci_identity_compartment.tf-compartment"
          ]
        }
      ]
    },
    {
      "module": "module.vcn",
      "mode": "managed",
      "type": "oci_core_nat_gateway",
      "name": "nat_gateway",
      "provider": "provider[\"registry.terraform.io/hashicorp/oci\"]",
      "instances": [
        {
          "index_key": 0,
          "schema_version": 0,
          "attributes": {
            "block_traffic": false,
            "compartment_id": "ocid1.compartment.oc1..aaaaaaaambjkafvuafbq32ayei4mthrg2g3ddwscpceks4sffa7i7jb2uceq",
            "defined_tags": {
              "Oracle-Tags.CreatedBy": "oracleidentitycloudservice/jeremy.brex@aexp.com",
              "Oracle-Tags.CreatedOn": "2022-02-11T17:50:34.654Z"
            },
            "display_name": "nat-gateway",
            "freeform_tags": {
              "module": "oracle-terraform-modules/vcn/oci",
              "terraformed": "Please do not edit manually"
            },
            "id": "ocid1.natgateway.oc1.uk-london-1.aaaaaaaawbxlvsyyuto35unxogq5eq74c44qld2jeorwyyfyuhs6ksil7scq",
            "nat_ip": "132.226.214.197",
            "public_ip_id": "ocid1.publicip.oc1.uk-london-1.aaaaaaaazemgm7xfebqxpsmuiwlwbr2gjinqaf2g7rnu5ihdis4miu64k4fq",
            "state": "AVAILABLE",
            "time_created": "2022-02-11 17:50:34.977 +0000 UTC",
            "timeouts": null,
            "vcn_id": "ocid1.vcn.oc1.uk-london-1.amaaaaaa6nwjhliawth7iuf5t4upcjq3iufe26googxjpzaig3xzpifmg2wq"
          },
          "sensitive_attributes": [],
          "private": "eyJlMmJmYjczMC1lY2FhLTExZTYtOGY4OC0zNDM2M2JjN2M0YzAiOnsiY3JlYXRlIjoxMjAwMDAwMDAwMDAwLCJkZWxldGUiOjEyMDAwMDAwMDAwMDAsInVwZGF0ZSI6MTIwMDAwMDAwMDAwMH19",
          "dependencies": [
            "module.vcn.oci_core_vcn.vcn",
            "oci_identity_compartment.tf-compartment"
          ]
        }
      ]
    },
    {
      "module": "module.vcn",
      "mode": "managed",
      "type": "oci_core_route_table",
      "name": "ig",
      "provider": "provider[\"registry.terraform.io/hashicorp/oci\"]",
      "instances": [
        {
          "index_key": 0,
          "schema_version": 0,
          "attributes": {
            "compartment_id": "ocid1.compartment.oc1..aaaaaaaambjkafvuafbq32ayei4mthrg2g3ddwscpceks4sffa7i7jb2uceq",
            "defined_tags": {
              "Oracle-Tags.CreatedBy": "oracleidentitycloudservice/jeremy.brex@aexp.com",
              "Oracle-Tags.CreatedOn": "2022-02-11T17:50:35.175Z"
            },
            "display_name": "internet-route",
            "freeform_tags": {
              "module": "oracle-terraform-modules/vcn/oci",
              "terraformed": "Please do not edit manually"
            },
            "id": "ocid1.routetable.oc1.uk-london-1.aaaaaaaaicwzagpsasjvjbmzofkvyhurczunezrmkgaocqs7v3ssyfu7yu5q",
            "route_rules": [
              {
                "cidr_block": "",
                "description": "Terraformed - Auto-generated at Internet Gateway creation: Internet Gateway as default gateway",
                "destination": "0.0.0.0/0",
                "destination_type": "CIDR_BLOCK",
                "network_entity_id": "ocid1.internetgateway.oc1.uk-london-1.aaaaaaaadfm4jwsot6hrdyv4hxsowpa5onh3qt5d2ujsnavb7qczkoaxxymq"
              }
            ],
            "state": "AVAILABLE",
            "time_created": "2022-02-11 17:50:35.22 +0000 UTC",
            "timeouts": null,
            "vcn_id": "ocid1.vcn.oc1.uk-london-1.amaaaaaa6nwjhliawth7iuf5t4upcjq3iufe26googxjpzaig3xzpifmg2wq"
          },
          "sensitive_attributes": [],
          "private": "eyJlMmJmYjczMC1lY2FhLTExZTYtOGY4OC0zNDM2M2JjN2M0YzAiOnsiY3JlYXRlIjoxMjAwMDAwMDAwMDAwLCJkZWxldGUiOjEyMDAwMDAwMDAwMDAsInVwZGF0ZSI6MTIwMDAwMDAwMDAwMH19",
          "dependencies": [
            "module.vcn.module.drg_from_vcn_module.oci_core_drg.drg",
            "module.vcn.oci_core_internet_gateway.ig",
            "module.vcn.oci_core_vcn.vcn",
            "oci_identity_compartment.tf-compartment"
          ]
        }
      ]
    },
    {
      "module": "module.vcn",
      "mode": "managed",
      "type": "oci_core_route_table",
      "name": "nat",
      "provider": "provider[\"registry.terraform.io/hashicorp/oci\"]",
      "instances": [
        {
          "index_key": 0,
          "schema_version": 0,
          "attributes": {
            "compartment_id": "ocid1.compartment.oc1..aaaaaaaambjkafvuafbq32ayei4mthrg2g3ddwscpceks4sffa7i7jb2uceq",
            "defined_tags": {
              "Oracle-Tags.CreatedBy": "oracleidentitycloudservice/jeremy.brex@aexp.com",
              "Oracle-Tags.CreatedOn": "2022-02-11T17:50:36.382Z"
            },
            "display_name": "nat-route",
            "freeform_tags": {
              "module": "oracle-terraform-modules/vcn/oci",
              "terraformed": "Please do not edit manually"
            },
            "id": "ocid1.routetable.oc1.uk-london-1.aaaaaaaaunydjudsu3sdojixoka7d3oznkl64tbcywticpocvhstf54fs2qa",
            "route_rules": [
              {
                "cidr_block": "",
                "description": "Terraformed - Auto-generated at NAT Gateway creation: NAT Gateway as default gateway",
                "destination": "0.0.0.0/0",
                "destination_type": "CIDR_BLOCK",
                "network_entity_id": "ocid1.natgateway.oc1.uk-london-1.aaaaaaaawbxlvsyyuto35unxogq5eq74c44qld2jeorwyyfyuhs6ksil7scq"
              },
              {
                "cidr_block": "",
                "description": "Terraformed - Auto-generated at Service Gateway creation: All Services in region to Service Gateway",
                "destination": "all-lhr-services-in-oracle-services-network",
                "destination_type": "SERVICE_CIDR_BLOCK",
                "network_entity_id": "ocid1.servicegateway.oc1.uk-london-1.aaaaaaaaqkdrwhpgsyfudslvpfxnh7ewheleurnkswvakwjy7bc3kb5mu5hq"
              }
            ],
            "state": "AVAILABLE",
            "time_created": "2022-02-11 17:50:36.427 +0000 UTC",
            "timeouts": null,
            "vcn_id": "ocid1.vcn.oc1.uk-london-1.amaaaaaa6nwjhliawth7iuf5t4upcjq3iufe26googxjpzaig3xzpifmg2wq"
          },
          "sensitive_attributes": [],
          "private": "eyJlMmJmYjczMC1lY2FhLTExZTYtOGY4OC0zNDM2M2JjN2M0YzAiOnsiY3JlYXRlIjoxMjAwMDAwMDAwMDAwLCJkZWxldGUiOjEyMDAwMDAwMDAwMDAsInVwZGF0ZSI6MTIwMDAwMDAwMDAwMH19",
          "dependencies": [
            "module.vcn.data.oci_core_services.all_oci_services",
            "module.vcn.module.drg_from_vcn_module.oci_core_drg.drg",
            "module.vcn.oci_core_nat_gateway.nat_gateway",
            "module.vcn.oci_core_service_gateway.service_gateway",
            "module.vcn.oci_core_vcn.vcn",
            "oci_identity_compartment.tf-compartment"
          ]
        }
      ]
    },
    {
      "module": "module.vcn",
      "mode": "managed",
      "type": "oci_core_service_gateway",
      "name": "service_gateway",
      "provider": "provider[\"registry.terraform.io/hashicorp/oci\"]",
      "instances": [
        {
          "index_key": 0,
          "schema_version": 0,
          "attributes": {
            "block_traffic": false,
            "compartment_id": "ocid1.compartment.oc1..aaaaaaaambjkafvuafbq32ayei4mthrg2g3ddwscpceks4sffa7i7jb2uceq",
            "defined_tags": {
              "Oracle-Tags.CreatedBy": "oracleidentitycloudservice/jeremy.brex@aexp.com",
              "Oracle-Tags.CreatedOn": "2022-02-11T17:50:34.638Z"
            },
            "display_name": "service-gateway",
            "freeform_tags": {
              "module": "oracle-terraform-modules/vcn/oci",
              "terraformed": "Please do not edit manually"
            },
            "id": "ocid1.servicegateway.oc1.uk-london-1.aaaaaaaaqkdrwhpgsyfudslvpfxnh7ewheleurnkswvakwjy7bc3kb5mu5hq",
            "route_table_id": null,
            "services": [
              {
                "service_id": "ocid1.service.oc1.uk-london-1.aaaaaaaatwg7f5mnzoapfunl66n2qkp4ormiykqk3hiwksum63gcyjk7ysla",
                "service_name": "All LHR Services In Oracle Services Network"
              }
            ],
            "state": "AVAILABLE",
            "time_created": "2022-02-11 17:50:35.227 +0000 UTC",
            "timeouts": null,
            "vcn_id": "ocid1.vcn.oc1.uk-london-1.amaaaaaa6nwjhliawth7iuf5t4upcjq3iufe26googxjpzaig3xzpifmg2wq"
          },
          "sensitive_attributes": [],
          "private": "eyJlMmJmYjczMC1lY2FhLTExZTYtOGY4OC0zNDM2M2JjN2M0YzAiOnsiY3JlYXRlIjoxMjAwMDAwMDAwMDAwLCJkZWxldGUiOjEyMDAwMDAwMDAwMDAsInVwZGF0ZSI6MTIwMDAwMDAwMDAwMH19",
          "dependencies": [
            "module.vcn.data.oci_core_services.all_oci_services",
            "module.vcn.oci_core_vcn.vcn",
            "oci_identity_compartment.tf-compartment"
          ]
        }
      ]
    },
    {
      "module": "module.vcn",
      "mode": "managed",
      "type": "oci_core_vcn",
      "name": "vcn",
      "provider": "provider[\"registry.terraform.io/hashicorp/oci\"]",
      "instances": [
        {
          "schema_version": 0,
          "attributes": {
            "cidr_block": "10.0.0.0/16",
            "cidr_blocks": [
              "10.0.0.0/16"
            ],
            "compartment_id": "ocid1.compartment.oc1..aaaaaaaambjkafvuafbq32ayei4mthrg2g3ddwscpceks4sffa7i7jb2uceq",
            "default_dhcp_options_id": "ocid1.dhcpoptions.oc1.uk-london-1.aaaaaaaa6jxq3dkf3tzrsvn5eamidv6vlqab65obteipebqjdyyjt7v2aq5a",
            "default_route_table_id": "ocid1.routetable.oc1.uk-london-1.aaaaaaaalmta76vjnsfeuda632ss6mnojfjha6jwjxolikpsbnarbu55yqfq",
            "default_security_list_id": "ocid1.securitylist.oc1.uk-london-1.aaaaaaaawdeq6rpki2q7wosvefqgmlscjeyx3ylclzj66id747vvhm7yyetq",
            "defined_tags": {
              "Oracle-Tags.CreatedBy": "oracleidentitycloudservice/jeremy.brex@aexp.com",
              "Oracle-Tags.CreatedOn": "2022-02-11T17:50:33.746Z"
            },
            "display_name": "vcn-epa",
            "dns_label": "vcnmodule",
            "freeform_tags": {
              "module": "oracle-terraform-modules/vcn/oci",
              "terraformed": "Please do not edit manually"
            },
            "id": "ocid1.vcn.oc1.uk-london-1.amaaaaaa6nwjhliawth7iuf5t4upcjq3iufe26googxjpzaig3xzpifmg2wq",
            "ipv6cidr_blocks": [],
            "is_ipv6enabled": false,
            "state": "AVAILABLE",
            "time_created": "2022-02-11 17:50:33.858 +0000 UTC",
            "timeouts": null,
            "vcn_domain_name": "vcnmodule.oraclevcn.com"
          },
          "sensitive_attributes": [],
          "private": "eyJlMmJmYjczMC1lY2FhLTExZTYtOGY4OC0zNDM2M2JjN2M0YzAiOnsiY3JlYXRlIjoxMjAwMDAwMDAwMDAwLCJkZWxldGUiOjEyMDAwMDAwMDAwMDAsInVwZGF0ZSI6MTIwMDAwMDAwMDAwMH19",
          "dependencies": [
            "oci_identity_compartment.tf-compartment"
          ]
        }
      ]
    }
  ]
}
